{
  "name": "@megatest/source",
  "version": "1.0.0",
  "lockfileVersion": 3,
  "requires": true,
  "packages": {
    "": {
      "name": "@megatest/source",
      "version": "1.0.0",
      "devDependencies": {
        "expo-av": "~16.0.8",
        "typescript": "^5.3.3"
      },
      "peerDependencies": {
        "react": "^19.0.0",
        "react-native": "^0.81.5"
      }
    },
    "node_modules/expo-av": {
      "version": "16.0.8",
      "resolved": "https://registry.npmjs.org/expo-av/-/expo-av-16.0.8.tgz",
      "integrity": "sha512-cmVPftGR/ca7XBgs7R6ky36lF3OC0/MM/lpgX/yXqfv0jASTsh7AYX9JxHCwFmF+Z6JEB1vne9FDx4GiLcGreQ==",
      "dev": true,
      "license": "MIT",
      "peerDependencies": {
        "expo": "*",
        "react": "*",
        "react-native": "*",
        "react-native-web": "*"
      },
      "peerDependenciesMeta": {
        "react-native-web": {
          "optional": true
        }
      }
    },
    "node_modules/typescript": {
      "version": "5.9.3",
      "resolved": "https://registry.npmjs.org/typescript/-/typescript-5.9.3.tgz",
      "integrity": "sha512-jl1vZzPDinLr9eUt3J/t7V6FgNEw9QjvBPdysz9KfQDD41fQrC2Y4vKQdiaUpFT4bXlb1RHhLpp8wtm6M5TgSw==",
      "dev": true,
      "license": "Apache-2.0",
      "bin": {
        "tsc": "bin/tsc",
        "tsserver": "bin/tsserver"
      },
      "engines": {
        "node": ">=14.17"
      }
    }
  }
}
